{
  "name": "prepros-project",
  "version": "1.0.0",
  "lockfileVersion": 1,
  "requires": true,
  "dependencies": {
    "html-prettify": {
      "version": "1.0.7",
      "resolved": "https://registry.npmjs.org/html-prettify/-/html-prettify-1.0.7.tgz",
      "integrity": "sha512-99pRsP2PV2DyWnrVibNyad7gNmzCP7AANO8jw7Z9yanWyXH9dPdqdMXGefySplroqCNdk95u7j5TLxfyJ1Cbbg==",
      "dev": true
    },
    "prettier": {
      "version": "3.1.1",
      "resolved": "https://registry.npmjs.org/prettier/-/prettier-3.1.1.tgz",
      "integrity": "sha512-22UbSzg8luF4UuZtzgiUOfcGM8s4tjBv6dJRT7j275NXsy2jb4aJa4NNveul5x4eqlF1wuhuR2RElK71RvmVaw==",
      "dev": true
    }
  }
}
